
Microsoft Visual Studio Solution File, Format Version 12.00
# Visual Studio Version 16
VisualStudioVersion = 16.0.30804.86
MinimumVisualStudioVersion = 10.0.40219.1
Project("{FAE04EC0-301F-11D3-BF4B-00C04F79EFBC}") = "PremierExoAppWeb", "PremierExoAppWeb\PremierExoAppWeb.csproj", "{D0C41D8D-177A-41DF-A670-0BE92FF65A04}"
EndProject
Global
	GlobalSection(SolutionConfigurationPlatforms) = preSolution
		Debug|Any CPU = Debug|Any CPU
		Release|Any CPU = Release|Any CPU
	EndGlobalSection
	GlobalSection(ProjectConfigurationPlatforms) = postSolution
		{D0C41D8D-177A-41DF-A670-0BE92FF65A04}.Debug|Any CPU.ActiveCfg = Debug|Any CPU
		{D0C41D8D-177A-41DF-A670-0BE92FF65A04}.Debug|Any CPU.Build.0 = Debug|Any CPU
		{D0C41D8D-177A-41DF-A670-0BE92FF65A04}.Release|Any CPU.ActiveCfg = Release|Any CPU
		{D0C41D8D-177A-41DF-A670-0BE92FF65A04}.Release|Any CPU.Build.0 = Release|Any CPU
	EndGlobalSection
	GlobalSection(SolutionProperties) = preSolution
		HideSolutionNode = FALSE
	EndGlobalSection
	GlobalSection(ExtensibilityGlobals) = postSolution
		SolutionGuid = {4FEE5C73-6729-419E-BA34-C5097F2FAF00}
	EndGlobalSection
EndGlobal
